
Microsoft Visual Studio Solution File, Format Version 12.00
# Visual Studio Version 16
VisualStudioVersion = 16.0.30517.126
MinimumVisualStudioVersion = 10.0.40219.1
Project("{FAE04EC0-301F-11D3-BF4B-00C04F79EFBC}") = "RudeToungeTester.CLI", "RudeToungeTester\RudeToungeTester.CLI.csproj", "{A4714FBC-4889-4348-9C56-BA2FC1879A12}"
EndProject
Project("{9A19103F-16F7-4668-BE54-9A1E7A4F7556}") = "RudeToungeTesterML.Model", "RudeToungeTesterML.Model\RudeToungeTesterML.Model.csproj", "{8714912F-A681-4A4D-8BA5-642832158E5A}"
EndProject
Project("{9A19103F-16F7-4668-BE54-9A1E7A4F7556}") = "RudeToungeTesterML.ConsoleApp", "RudeToungeTesterML.ConsoleApp\RudeToungeTesterML.ConsoleApp.csproj", "{86E3000C-B975-4BD3-BADE-E9FF6400D831}"
EndProject
Project("{FAE04EC0-301F-11D3-BF4B-00C04F79EFBC}") = "RudeToungeTester.IO", "RudeToungeTester.IO\RudeToungeTester.IO.csproj", "{9326D183-3FF5-41E5-93ED-B89B544DE7D2}"
EndProject
Project("{FAE04EC0-301F-11D3-BF4B-00C04F79EFBC}") = "RudeToungeTester.Solver", "RudeToungeTester.Solver\RudeToungeTester.Solver.csproj", "{EDDFDB23-9441-4945-8803-F7A0F7D1CDE8}"
EndProject
Project("{FAE04EC0-301F-11D3-BF4B-00C04F79EFBC}") = "RudeToungeTester.Controller", "RudeToungeTester.Controller\RudeToungeTester.Controller.csproj", "{2AA52E0F-BBDC-41D9-9314-DF4BE3715AF0}"
EndProject
Global
	GlobalSection(SolutionConfigurationPlatforms) = preSolution
		Debug|Any CPU = Debug|Any CPU
		Release|Any CPU = Release|Any CPU
	EndGlobalSection
	GlobalSection(ProjectConfigurationPlatforms) = postSolution
		{A4714FBC-4889-4348-9C56-BA2FC1879A12}.Debug|Any CPU.ActiveCfg = Debug|Any CPU
		{A4714FBC-4889-4348-9C56-BA2FC1879A12}.Debug|Any CPU.Build.0 = Debug|Any CPU
		{A4714FBC-4889-4348-9C56-BA2FC1879A12}.Release|Any CPU.ActiveCfg = Release|Any CPU
		{A4714FBC-4889-4348-9C56-BA2FC1879A12}.Release|Any CPU.Build.0 = Release|Any CPU
		{8714912F-A681-4A4D-8BA5-642832158E5A}.Debug|Any CPU.ActiveCfg = Debug|Any CPU
		{8714912F-A681-4A4D-8BA5-642832158E5A}.Debug|Any CPU.Build.0 = Debug|Any CPU
		{8714912F-A681-4A4D-8BA5-642832158E5A}.Release|Any CPU.ActiveCfg = Release|Any CPU
		{8714912F-A681-4A4D-8BA5-642832158E5A}.Release|Any CPU.Build.0 = Release|Any CPU
		{86E3000C-B975-4BD3-BADE-E9FF6400D831}.Debug|Any CPU.ActiveCfg = Debug|Any CPU
		{86E3000C-B975-4BD3-BADE-E9FF6400D831}.Debug|Any CPU.Build.0 = Debug|Any CPU
		{86E3000C-B975-4BD3-BADE-E9FF6400D831}.Release|Any CPU.ActiveCfg = Release|Any CPU
		{86E3000C-B975-4BD3-BADE-E9FF6400D831}.Release|Any CPU.Build.0 = Release|Any CPU
		{9326D183-3FF5-41E5-93ED-B89B544DE7D2}.Debug|Any CPU.ActiveCfg = Debug|Any CPU
		{9326D183-3FF5-41E5-93ED-B89B544DE7D2}.Debug|Any CPU.Build.0 = Debug|Any CPU
		{9326D183-3FF5-41E5-93ED-B89B544DE7D2}.Release|Any CPU.ActiveCfg = Release|Any CPU
		{9326D183-3FF5-41E5-93ED-B89B544DE7D2}.Release|Any CPU.Build.0 = Release|Any CPU
		{EDDFDB23-9441-4945-8803-F7A0F7D1CDE8}.Debug|Any CPU.ActiveCfg = Debug|Any CPU
		{EDDFDB23-9441-4945-8803-F7A0F7D1CDE8}.Debug|Any CPU.Build.0 = Debug|Any CPU
		{EDDFDB23-9441-4945-8803-F7A0F7D1CDE8}.Release|Any CPU.ActiveCfg = Release|Any CPU
		{EDDFDB23-9441-4945-8803-F7A0F7D1CDE8}.Release|Any CPU.Build.0 = Release|Any CPU
		{2AA52E0F-BBDC-41D9-9314-DF4BE3715AF0}.Debug|Any CPU.ActiveCfg = Debug|Any CPU
		{2AA52E0F-BBDC-41D9-9314-DF4BE3715AF0}.Debug|Any CPU.Build.0 = Debug|Any CPU
		{2AA52E0F-BBDC-41D9-9314-DF4BE3715AF0}.Release|Any CPU.ActiveCfg = Release|Any CPU
		{2AA52E0F-BBDC-41D9-9314-DF4BE3715AF0}.Release|Any CPU.Build.0 = Release|Any CPU
	EndGlobalSection
	GlobalSection(SolutionProperties) = preSolution
		HideSolutionNode = FALSE
	EndGlobalSection
	GlobalSection(ExtensibilityGlobals) = postSolution
		SolutionGuid = {F4A4784E-C02A-4CAD-938E-D5C7C63BC0F6}
	EndGlobalSection
EndGlobal
